
Microsoft Visual Studio Solution File, Format Version 12.00
# Visual Studio 15
VisualStudioVersion = 15.0.28307.645
MinimumVisualStudioVersion = 10.0.40219.1
Project("{FAE04EC0-301F-11D3-BF4B-00C04F79EFBC}") = "SamuraiApp.Domain", "SamuraiApp.Domain\SamuraiApp.Domain.csproj", "{60936133-62A8-48EA-AC6A-01A5F16E9AA2}"
EndProject
Project("{FAE04EC0-301F-11D3-BF4B-00C04F79EFBC}") = "SamuraiApp.Data", "SamuraiApp.Data\SamuraiApp.Data.csproj", "{A1C724F5-4F63-47C1-A96B-11997BE27940}"
EndProject
Global
	GlobalSection(SolutionConfigurationPlatforms) = preSolution
		Debug|Any CPU = Debug|Any CPU
		Release|Any CPU = Release|Any CPU
	EndGlobalSection
	GlobalSection(ProjectConfigurationPlatforms) = postSolution
		{60936133-62A8-48EA-AC6A-01A5F16E9AA2}.Debug|Any CPU.ActiveCfg = Debug|Any CPU
		{60936133-62A8-48EA-AC6A-01A5F16E9AA2}.Debug|Any CPU.Build.0 = Debug|Any CPU
		{60936133-62A8-48EA-AC6A-01A5F16E9AA2}.Release|Any CPU.ActiveCfg = Release|Any CPU
		{60936133-62A8-48EA-AC6A-01A5F16E9AA2}.Release|Any CPU.Build.0 = Release|Any CPU
		{A1C724F5-4F63-47C1-A96B-11997BE27940}.Debug|Any CPU.ActiveCfg = Debug|Any CPU
		{A1C724F5-4F63-47C1-A96B-11997BE27940}.Debug|Any CPU.Build.0 = Debug|Any CPU
		{A1C724F5-4F63-47C1-A96B-11997BE27940}.Release|Any CPU.ActiveCfg = Release|Any CPU
		{A1C724F5-4F63-47C1-A96B-11997BE27940}.Release|Any CPU.Build.0 = Release|Any CPU
	EndGlobalSection
	GlobalSection(SolutionProperties) = preSolution
		HideSolutionNode = FALSE
	EndGlobalSection
	GlobalSection(ExtensibilityGlobals) = postSolution
		SolutionGuid = {AA5CF5C7-C003-47D6-82A8-96016B717E2A}
	EndGlobalSection
EndGlobal
